
Microsoft Visual Studio Solution File, Format Version 12.00
# Visual Studio Version 17
VisualStudioVersion = 17.5.33516.290
MinimumVisualStudioVersion = 10.0.40219.1
Project("{FAE04EC0-301F-11D3-BF4B-00C04F79EFBC}") = "WeatherApp", "WeatherApp\WeatherApp.csproj", "{414AEFB8-91FE-483C-8D7C-31292EFDE8CF}"
EndProject
Global
	GlobalSection(SolutionConfigurationPlatforms) = preSolution
		Debug|Any CPU = Debug|Any CPU
		Release|Any CPU = Release|Any CPU
	EndGlobalSection
	GlobalSection(ProjectConfigurationPlatforms) = postSolution
		{414AEFB8-91FE-483C-8D7C-31292EFDE8CF}.Debug|Any CPU.ActiveCfg = Debug|Any CPU
		{414AEFB8-91FE-483C-8D7C-31292EFDE8CF}.Debug|Any CPU.Build.0 = Debug|Any CPU
		{414AEFB8-91FE-483C-8D7C-31292EFDE8CF}.Release|Any CPU.ActiveCfg = Release|Any CPU
		{414AEFB8-91FE-483C-8D7C-31292EFDE8CF}.Release|Any CPU.Build.0 = Release|Any CPU
	EndGlobalSection
	GlobalSection(SolutionProperties) = preSolution
		HideSolutionNode = FALSE
	EndGlobalSection
	GlobalSection(ExtensibilityGlobals) = postSolution
		SolutionGuid = {C8D959E8-93AD-4703-9C14-DE39022D2E7E}
	EndGlobalSection
EndGlobal
